
Microsoft Visual Studio Solution File, Format Version 12.00
# Visual Studio 15
Project("{FAE04EC0-301F-11D3-BF4B-00C04F79EFBC}") = "Crest", "Crest.csproj", "{6A718709-1B19-81FF-1D31-CFC470F92A96}"
EndProject
Project("{FAE04EC0-301F-11D3-BF4B-00C04F79EFBC}") = "Assembly-CSharp", "Assembly-CSharp.csproj", "{703B5153-74E2-A37A-2002-526399D3B92F}"
EndProject
Project("{FAE04EC0-301F-11D3-BF4B-00C04F79EFBC}") = "Crest.Helpers.Editor", "Crest.Helpers.Editor.csproj", "{DFCF1BBC-2267-618E-D645-7D70C6B391DE}"
EndProject
Global
	GlobalSection(SolutionConfigurationPlatforms) = preSolution
		Debug|Any CPU = Debug|Any CPU
		Release|Any CPU = Release|Any CPU
	EndGlobalSection
	GlobalSection(ProjectConfigurationPlatforms) = postSolution
		{6A718709-1B19-81FF-1D31-CFC470F92A96}.Debug|Any CPU.ActiveCfg = Debug|Any CPU
		{6A718709-1B19-81FF-1D31-CFC470F92A96}.Debug|Any CPU.Build.0 = Debug|Any CPU
		{6A718709-1B19-81FF-1D31-CFC470F92A96}.Release|Any CPU.ActiveCfg = Release|Any CPU
		{6A718709-1B19-81FF-1D31-CFC470F92A96}.Release|Any CPU.Build.0 = Release|Any CPU
		{703B5153-74E2-A37A-2002-526399D3B92F}.Debug|Any CPU.ActiveCfg = Debug|Any CPU
		{703B5153-74E2-A37A-2002-526399D3B92F}.Debug|Any CPU.Build.0 = Debug|Any CPU
		{703B5153-74E2-A37A-2002-526399D3B92F}.Release|Any CPU.ActiveCfg = Release|Any CPU
		{703B5153-74E2-A37A-2002-526399D3B92F}.Release|Any CPU.Build.0 = Release|Any CPU
		{DFCF1BBC-2267-618E-D645-7D70C6B391DE}.Debug|Any CPU.ActiveCfg = Debug|Any CPU
		{DFCF1BBC-2267-618E-D645-7D70C6B391DE}.Debug|Any CPU.Build.0 = Debug|Any CPU
		{DFCF1BBC-2267-618E-D645-7D70C6B391DE}.Release|Any CPU.ActiveCfg = Release|Any CPU
		{DFCF1BBC-2267-618E-D645-7D70C6B391DE}.Release|Any CPU.Build.0 = Release|Any CPU
	EndGlobalSection
	GlobalSection(SolutionProperties) = preSolution
		HideSolutionNode = FALSE
	EndGlobalSection
EndGlobal
